# This file is automatically @generated by Cargo.
# It is not intended for manual editing.
version = 3

[[package]]
name = "ahash"
version = "0.7.4"
source = "registry+https://github.com/rust-lang/crates.io-index"
checksum = "43bb833f0bf979d8475d38fbf09ed3b8a55e1885fe93ad3f93239fc6a4f17b98"
dependencies = [
 "getrandom",
 "once_cell",
 "version_check",
]

[[package]]
name = "arrayvec"
version = "0.7.1"
source = "registry+https://github.com/rust-lang/crates.io-index"
checksum = "be4dc07131ffa69b8072d35f5007352af944213cde02545e2103680baed38fcd"

[[package]]
name = "auto-farm"
version = "0.0.0"
dependencies = [
 "common_structs",
 "elrond-wasm",
 "elrond-wasm-modules",
 "energy-factory",
 "energy-query",
 "farm",
 "farm-staking",
 "farm-staking-proxy",
 "farm-with-locked-rewards",
 "fees-collector",
 "legacy_token_decode_module",
 "lkmex-transfer",
 "mergeable",
 "metabonding",
 "pair",
 "utils",
]

[[package]]
name = "auto-farm-wasm"
version = "0.0.0"
dependencies = [
 "auto-farm",
 "elrond-wasm-node",
 "elrond-wasm-output",
]

[[package]]
name = "autocfg"
version = "1.1.0"
source = "registry+https://github.com/rust-lang/crates.io-index"
checksum = "d468802bab17cbc0cc575e9b053f41e72aa36bfa6b7f55e3529ffa43161b97fa"

[[package]]
name = "bitflags"
version = "1.3.2"
source = "registry+https://github.com/rust-lang/crates.io-index"
checksum = "bef38d45163c2f1dde094a7dfd33ccf595c92905c8f8f4fdc18d06fb1037718a"

[[package]]
name = "cfg-if"
version = "0.1.10"
source = "registry+https://github.com/rust-lang/crates.io-index"
checksum = "4785bdd1c96b2a846b2bd7cc02e86b6b3dbf14e7e53446c4f54c92a361040822"

[[package]]
name = "cfg-if"
version = "1.0.0"
source = "registry+https://github.com/rust-lang/crates.io-index"
checksum = "baf1de4339761588bc0619e3cbc0120ee582ebb74b53b4efbf79117bd2da40fd"

[[package]]
name = "common-types"
version = "0.0.0"
source = "git+https://github.com/multiversx/mx-exchange-sc?rev=7b6564f#7b6564f4b938db4174c21fe7f97b521f6352b222"
dependencies = [
 "elrond-wasm",
]

[[package]]
name = "common_errors"
version = "0.0.0"
source = "git+https://github.com/multiversx/mx-exchange-sc?rev=7b6564f#7b6564f4b938db4174c21fe7f97b521f6352b222"
dependencies = [
 "elrond-wasm",
]

[[package]]
name = "common_structs"
version = "0.0.0"
source = "git+https://github.com/multiversx/mx-exchange-sc?rev=7b6564f#7b6564f4b938db4174c21fe7f97b521f6352b222"
dependencies = [
 "elrond-wasm",
 "fixed-supply-token",
 "math",
 "mergeable",
 "unwrappable",
]

[[package]]
name = "config"
version = "0.0.0"
source = "git+https://github.com/multiversx/mx-exchange-sc?rev=7b6564f#7b6564f4b938db4174c21fe7f97b521f6352b222"
dependencies = [
 "common_errors",
 "common_structs",
 "elrond-wasm",
 "pausable",
 "permissions_module",
 "token_send",
]

[[package]]
name = "contexts"
version = "0.0.0"
source = "git+https://github.com/multiversx/mx-exchange-sc?rev=7b6564f#7b6564f4b938db4174c21fe7f97b521f6352b222"
dependencies = [
 "common_errors",
 "common_structs",
 "config",
 "elrond-wasm",
 "elrond-wasm-modules",
 "farm_token",
 "pausable",
 "permissions_module",
 "rewards",
 "token_merge_helper",
 "token_send",
]

[[package]]
name = "either"
version = "1.8.0"
source = "registry+https://github.com/rust-lang/crates.io-index"
checksum = "90e5c1c8368803113bf0c9584fc495a58b86dc8a29edbf8fe877d21d9507e797"

[[package]]
name = "elrond-codec"
version = "0.16.0"
source = "registry+https://github.com/rust-lang/crates.io-index"
checksum = "464f138aad7a8f8605ee709793863989b46d050f444bf65c4dc9f4bb481e1425"
dependencies = [
 "arrayvec",
 "elrond-codec-derive",
 "wee_alloc",
]

[[package]]
name = "elrond-codec-derive"
version = "0.16.0"
source = "registry+https://github.com/rust-lang/crates.io-index"
checksum = "307ece5b7a6347c517a02f7c3d6fc40d516bbc2d5b2fe0468a1cb2bb4b36403e"
dependencies = [
 "hex",
 "proc-macro2",
 "quote",
 "syn",
]

[[package]]
name = "elrond-wasm"
version = "0.38.0"
source = "registry+https://github.com/rust-lang/crates.io-index"
checksum = "ce51a244a7dffb88af6426fbdf38d037750053e07269fec32f0b99b56c45f0ac"
dependencies = [
 "bitflags",
 "elrond-codec",
 "elrond-wasm-derive",
 "hashbrown",
 "hex-literal",
 "num-traits",
 "wee_alloc",
]

[[package]]
name = "elrond-wasm-derive"
version = "0.38.0"
source = "registry+https://github.com/rust-lang/crates.io-index"
checksum = "5b597e6a65aa96fdb2d6ed46c9d9fd1c224b857f4933022f89ab5ef5ada4f2ed"
dependencies = [
 "hex",
 "proc-macro2",
 "quote",
 "radix_trie",
 "syn",
]

[[package]]
name = "elrond-wasm-modules"
version = "0.38.0"
source = "registry+https://github.com/rust-lang/crates.io-index"
checksum = "1a6d4dd2365a587179ad2f6ac32943433e3ba1b5da41d56b73b4d50b78ad78cd"
dependencies = [
 "elrond-wasm",
]

[[package]]
name = "elrond-wasm-node"
version = "0.38.0"
source = "registry+https://github.com/rust-lang/crates.io-index"
checksum = "daa830e234e3970f453d3a650d2980483f3abba26ca7f884b6bc035bbe5be571"
dependencies = [
 "elrond-wasm",
]

[[package]]
name = "elrond-wasm-output"
version = "0.38.0"
source = "registry+https://github.com/rust-lang/crates.io-index"
checksum = "7bc44ada94a25dcb60b6eb51bb5bd021eb5fd87a3d21d96ece51d7faf5c438b7"
dependencies = [
 "elrond-wasm-node",
 "wee_alloc",
]

[[package]]
name = "endian-type"
version = "0.1.2"
source = "registry+https://github.com/rust-lang/crates.io-index"
checksum = "c34f04666d835ff5d62e058c3995147c06f42fe86ff053337632bca83e42702d"

[[package]]
name = "energy-factory"
version = "0.0.0"
source = "git+https://github.com/multiversx/mx-exchange-sc?rev=7b6564f#7b6564f4b938db4174c21fe7f97b521f6352b222"
dependencies = [
 "common_structs",
 "elrond-wasm",
 "elrond-wasm-modules",
 "legacy_token_decode_module",
 "math",
 "mergeable",
 "sc_whitelist_module",
 "simple-lock",
 "unwrappable",
 "utils",
]

[[package]]
name = "energy-query"
version = "0.0.0"
source = "git+https://github.com/multiversx/mx-exchange-sc?rev=7b6564f#7b6564f4b938db4174c21fe7f97b521f6352b222"
dependencies = [
 "elrond-wasm",
 "energy-factory",
]

[[package]]
name = "events"
version = "0.0.0"
source = "git+https://github.com/multiversx/mx-exchange-sc?rev=7b6564f#7b6564f4b938db4174c21fe7f97b521f6352b222"
dependencies = [
 "common_structs",
 "contexts",
 "elrond-wasm",
]

[[package]]
name = "farm"
version = "0.0.0"
source = "git+https://github.com/multiversx/mx-exchange-sc?rev=7b6564f#7b6564f4b938db4174c21fe7f97b521f6352b222"
dependencies = [
 "common_errors",
 "common_structs",
 "config",
 "contexts",
 "elrond-wasm",
 "elrond-wasm-modules",
 "energy-query",
 "events",
 "farm-boosted-yields",
 "farm_base_impl",
 "farm_token",
 "fixed-supply-token",
 "mergeable",
 "pair",
 "pausable",
 "permissions_module",
 "rewards",
 "sc_whitelist_module",
 "token_send",
 "utils",
 "week-timekeeping",
 "weekly-rewards-splitting",
]

[[package]]
name = "farm-boosted-yields"
version = "0.0.0"
source = "git+https://github.com/multiversx/mx-exchange-sc?rev=7b6564f#7b6564f4b938db4174c21fe7f97b521f6352b222"
dependencies = [
 "common-types",
 "config",
 "elrond-wasm",
 "energy-query",
 "pausable",
 "permissions_module",
 "week-timekeeping",
 "weekly-rewards-splitting",
]

[[package]]
name = "farm-staking"
version = "0.0.0"
source = "git+https://github.com/multiversx/mx-exchange-sc?rev=7b6564f#7b6564f4b938db4174c21fe7f97b521f6352b222"
dependencies = [
 "common_errors",
 "common_structs",
 "config",
 "contexts",
 "elrond-wasm",
 "elrond-wasm-modules",
 "energy-factory",
 "energy-query",
 "events",
 "farm",
 "farm-boosted-yields",
 "farm_base_impl",
 "farm_token",
 "fixed-supply-token",
 "math",
 "mergeable",
 "pair",
 "pausable",
 "permissions_module",
 "rewards",
 "sc_whitelist_module",
 "token_send",
 "utils",
 "week-timekeeping",
 "weekly-rewards-splitting",
]

[[package]]
name = "farm-staking-proxy"
version = "0.0.0"
source = "git+https://github.com/multiversx/mx-exchange-sc?rev=7b6564f#7b6564f4b938db4174c21fe7f97b521f6352b222"
dependencies = [
 "common_structs",
 "config",
 "elrond-wasm",
 "elrond-wasm-modules",
 "farm",
 "farm-staking",
 "fixed-supply-token",
 "hex-literal",
 "pair",
 "pausable",
 "rewards",
 "sc_whitelist_module",
 "token_send",
 "utils",
]

[[package]]
name = "farm-with-locked-rewards"
version = "0.0.0"
source = "git+https://github.com/multiversx/mx-exchange-sc?rev=7b6564f#7b6564f4b938db4174c21fe7f97b521f6352b222"
dependencies = [
 "common_errors",
 "common_structs",
 "config",
 "contexts",
 "elrond-wasm",
 "elrond-wasm-modules",
 "energy-factory",
 "energy-query",
 "events",
 "farm",
 "farm-boosted-yields",
 "farm_base_impl",
 "farm_token",
 "fixed-supply-token",
 "locking_module",
 "mergeable",
 "pausable",
 "permissions_module",
 "rewards",
 "sc_whitelist_module",
 "token_send",
 "utils",
 "week-timekeeping",
 "weekly-rewards-splitting",
]

[[package]]
name = "farm_base_impl"
version = "0.0.0"
source = "git+https://github.com/multiversx/mx-exchange-sc?rev=7b6564f#7b6564f4b938db4174c21fe7f97b521f6352b222"
dependencies = [
 "common_errors",
 "common_structs",
 "config",
 "contexts",
 "elrond-wasm",
 "elrond-wasm-modules",
 "events",
 "farm_token",
 "fixed-supply-token",
 "mergeable",
 "pausable",
 "permissions_module",
 "rewards",
 "token_merge_helper",
 "token_send",
 "utils",
]

[[package]]
name = "farm_token"
version = "0.0.0"
source = "git+https://github.com/multiversx/mx-exchange-sc?rev=7b6564f#7b6564f4b938db4174c21fe7f97b521f6352b222"
dependencies = [
 "common_errors",
 "common_structs",
 "config",
 "elrond-wasm",
 "elrond-wasm-modules",
 "pausable",
 "permissions_module",
 "token_send",
]

[[package]]
name = "fees-collector"
version = "0.0.0"
source = "git+https://github.com/multiversx/mx-exchange-sc?rev=7b6564f#7b6564f4b938db4174c21fe7f97b521f6352b222"
dependencies = [
 "common-types",
 "common_errors",
 "elrond-wasm",
 "elrond-wasm-modules",
 "energy-factory",
 "energy-query",
 "locking_module",
 "sc_whitelist_module",
 "simple-lock",
 "utils",
 "week-timekeeping",
 "weekly-rewards-splitting",
]

[[package]]
name = "fixed-supply-token"
version = "0.0.0"
source = "git+https://github.com/multiversx/mx-exchange-sc?rev=7b6564f#7b6564f4b938db4174c21fe7f97b521f6352b222"
dependencies = [
 "elrond-wasm",
]

[[package]]
name = "getrandom"
version = "0.2.3"
source = "registry+https://github.com/rust-lang/crates.io-index"
checksum = "7fcd999463524c52659517fe2cea98493cfe485d10565e7b0fb07dbba7ad2753"
dependencies = [
 "cfg-if 1.0.0",
 "libc",
 "wasi",
]

[[package]]
name = "hashbrown"
version = "0.11.2"
source = "registry+https://github.com/rust-lang/crates.io-index"
checksum = "ab5ef0d4909ef3724cc8cce6ccc8572c5c817592e9285f5464f8e86f8bd3726e"
dependencies = [
 "ahash",
]

[[package]]
name = "hex"
version = "0.4.3"
source = "registry+https://github.com/rust-lang/crates.io-index"
checksum = "7f24254aa9a54b5c858eaee2f5bccdb46aaf0e486a595ed5fd8f86ba55232a70"

[[package]]
name = "hex-literal"
version = "0.3.1"
source = "registry+https://github.com/rust-lang/crates.io-index"
checksum = "5af1f635ef1bc545d78392b136bfe1c9809e029023c84a3638a864a10b8819c8"

[[package]]
name = "itertools"
version = "0.10.5"
source = "registry+https://github.com/rust-lang/crates.io-index"
checksum = "b0fd2260e829bddf4cb6ea802289de2f86d6a7a690192fbe91b3f46e0f2c8473"
dependencies = [
 "either",
]

[[package]]
name = "legacy_token_decode_module"
version = "0.0.0"
source = "git+https://github.com/multiversx/mx-exchange-sc?rev=7b6564f#7b6564f4b938db4174c21fe7f97b521f6352b222"
dependencies = [
 "common_structs",
 "elrond-wasm",
 "utils",
]

[[package]]
name = "libc"
version = "0.2.81"
source = "registry+https://github.com/rust-lang/crates.io-index"
checksum = "1482821306169ec4d07f6aca392a4681f66c75c9918aa49641a2595db64053cb"

[[package]]
name = "lkmex-transfer"
version = "0.0.0"
source = "git+https://github.com/multiversx/mx-exchange-sc?rev=7b6564f#7b6564f4b938db4174c21fe7f97b521f6352b222"
dependencies = [
 "common_structs",
 "elrond-wasm",
 "energy-factory",
 "energy-query",
 "legacy_token_decode_module",
 "simple-lock",
 "utils",
]

[[package]]
name = "locking_module"
version = "0.0.0"
source = "git+https://github.com/multiversx/mx-exchange-sc?rev=7b6564f#7b6564f4b938db4174c21fe7f97b521f6352b222"
dependencies = [
 "elrond-wasm",
 "energy-factory",
 "simple-lock",
]

[[package]]
name = "math"
version = "0.0.0"
source = "git+https://github.com/multiversx/mx-exchange-sc?rev=7b6564f#7b6564f4b938db4174c21fe7f97b521f6352b222"
dependencies = [
 "elrond-wasm",
]

[[package]]
name = "memory_units"
version = "0.4.0"
source = "registry+https://github.com/rust-lang/crates.io-index"
checksum = "8452105ba047068f40ff7093dd1d9da90898e63dd61736462e9cdda6a90ad3c3"

[[package]]
name = "mergeable"
version = "0.0.0"
source = "git+https://github.com/multiversx/mx-exchange-sc?rev=7b6564f#7b6564f4b938db4174c21fe7f97b521f6352b222"
dependencies = [
 "elrond-wasm",
]

[[package]]
name = "metabonding"
version = "0.0.0"
source = "git+https://github.com/multiversx/mx-metabonding-sc?rev=1d7e06c#1d7e06cfe0b824dcea41d5769c5d9740ec75f391"
dependencies = [
 "elrond-wasm",
 "elrond-wasm-modules",
 "sc_whitelist_module",
]

[[package]]
name = "nibble_vec"
version = "0.0.4"
source = "registry+https://github.com/rust-lang/crates.io-index"
checksum = "c8d77f3db4bce033f4d04db08079b2ef1c3d02b44e86f25d08886fafa7756ffa"

[[package]]
name = "num-traits"
version = "0.2.15"
source = "registry+https://github.com/rust-lang/crates.io-index"
checksum = "578ede34cf02f8924ab9447f50c28075b4d3e5b269972345e7e0372b38c6cdcd"
dependencies = [
 "autocfg",
]

[[package]]
name = "once_cell"
version = "1.8.0"
source = "registry+https://github.com/rust-lang/crates.io-index"
checksum = "692fcb63b64b1758029e0a96ee63e049ce8c5948587f2f7208df04625e5f6b56"

[[package]]
name = "pair"
version = "0.0.0"
source = "git+https://github.com/multiversx/mx-exchange-sc?rev=7b6564f#7b6564f4b938db4174c21fe7f97b521f6352b222"
dependencies = [
 "common_errors",
 "common_structs",
 "elrond-wasm",
 "fees-collector",
 "itertools",
 "pausable",
 "permissions_module",
 "simple-lock",
 "token_send",
]

[[package]]
name = "pausable"
version = "0.0.0"
source = "git+https://github.com/multiversx/mx-exchange-sc?rev=7b6564f#7b6564f4b938db4174c21fe7f97b521f6352b222"
dependencies = [
 "elrond-wasm",
 "permissions_module",
]

[[package]]
name = "permissions_module"
version = "0.0.0"
source = "git+https://github.com/multiversx/mx-exchange-sc?rev=7b6564f#7b6564f4b938db4174c21fe7f97b521f6352b222"
dependencies = [
 "bitflags",
 "common_errors",
 "elrond-wasm",
]

[[package]]
name = "proc-macro2"
version = "1.0.24"
source = "registry+https://github.com/rust-lang/crates.io-index"
checksum = "1e0704ee1a7e00d7bb417d0770ea303c1bccbabf0ef1667dae92b5967f5f8a71"
dependencies = [
 "unicode-xid",
]

[[package]]
name = "quote"
version = "1.0.8"
source = "registry+https://github.com/rust-lang/crates.io-index"
checksum = "991431c3519a3f36861882da93630ce66b52918dcf1b8e2fd66b397fc96f28df"
dependencies = [
 "proc-macro2",
]

[[package]]
name = "radix_trie"
version = "0.1.6"
source = "registry+https://github.com/rust-lang/crates.io-index"
checksum = "3d3681b28cd95acfb0560ea9441f82d6a4504fa3b15b97bd7b6e952131820e95"
dependencies = [
 "endian-type",
 "nibble_vec",
]

[[package]]
name = "rewards"
version = "0.0.0"
source = "git+https://github.com/multiversx/mx-exchange-sc?rev=7b6564f#7b6564f4b938db4174c21fe7f97b521f6352b222"
dependencies = [
 "common_errors",
 "common_structs",
 "config",
 "elrond-wasm",
 "elrond-wasm-modules",
 "farm_token",
 "pausable",
 "permissions_module",
 "token_send",
]

[[package]]
name = "sc_whitelist_module"
version = "0.0.0"
source = "git+https://github.com/multiversx/mx-exchange-sc?rev=7b6564f#7b6564f4b938db4174c21fe7f97b521f6352b222"
dependencies = [
 "common_errors",
 "elrond-wasm",
]

[[package]]
name = "simple-lock"
version = "0.0.0"
source = "git+https://github.com/multiversx/mx-exchange-sc?rev=7b6564f#7b6564f4b938db4174c21fe7f97b521f6352b222"
dependencies = [
 "common_structs",
 "elrond-wasm",
 "elrond-wasm-modules",
]

[[package]]
name = "syn"
version = "1.0.67"
source = "registry+https://github.com/rust-lang/crates.io-index"
checksum = "6498a9efc342871f91cc2d0d694c674368b4ceb40f62b65a7a08c3792935e702"
dependencies = [
 "proc-macro2",
 "quote",
 "unicode-xid",
]

[[package]]
name = "token_merge_helper"
version = "0.0.0"
source = "git+https://github.com/multiversx/mx-exchange-sc?rev=7b6564f#7b6564f4b938db4174c21fe7f97b521f6352b222"
dependencies = [
 "common_errors",
 "elrond-wasm",
]

[[package]]
name = "token_send"
version = "0.0.0"
source = "git+https://github.com/multiversx/mx-exchange-sc?rev=7b6564f#7b6564f4b938db4174c21fe7f97b521f6352b222"
dependencies = [
 "common_errors",
 "common_structs",
 "elrond-wasm",
]

[[package]]
name = "unicode-xid"
version = "0.2.1"
source = "registry+https://github.com/rust-lang/crates.io-index"
checksum = "f7fe0bb3479651439c9112f72b6c505038574c9fbb575ed1bf3b797fa39dd564"

[[package]]
name = "unwrappable"
version = "0.0.0"
source = "git+https://github.com/multiversx/mx-exchange-sc?rev=7b6564f#7b6564f4b938db4174c21fe7f97b521f6352b222"
dependencies = [
 "elrond-wasm",
]

[[package]]
name = "utils"
version = "0.0.0"
source = "git+https://github.com/multiversx/mx-exchange-sc?rev=7b6564f#7b6564f4b938db4174c21fe7f97b521f6352b222"
dependencies = [
 "common_structs",
 "elrond-wasm",
 "fixed-supply-token",
 "mergeable",
]

[[package]]
name = "version_check"
version = "0.9.3"
source = "registry+https://github.com/rust-lang/crates.io-index"
checksum = "5fecdca9a5291cc2b8dcf7dc02453fee791a280f3743cb0905f8822ae463b3fe"

[[package]]
name = "wasi"
version = "0.10.2+wasi-snapshot-preview1"
source = "registry+https://github.com/rust-lang/crates.io-index"
checksum = "fd6fbd9a79829dd1ad0cc20627bf1ed606756a7f77edff7b66b7064f9cb327c6"

[[package]]
name = "wee_alloc"
version = "0.4.5"
source = "registry+https://github.com/rust-lang/crates.io-index"
checksum = "dbb3b5a6b2bb17cb6ad44a2e68a43e8d2722c997da10e928665c72ec6c0a0b8e"
dependencies = [
 "cfg-if 0.1.10",
 "libc",
 "memory_units",
 "winapi",
]

[[package]]
name = "week-timekeeping"
version = "0.0.0"
source = "git+https://github.com/multiversx/mx-exchange-sc?rev=7b6564f#7b6564f4b938db4174c21fe7f97b521f6352b222"
dependencies = [
 "common-types",
 "elrond-wasm",
]

[[package]]
name = "weekly-rewards-splitting"
version = "0.0.0"
source = "git+https://github.com/multiversx/mx-exchange-sc?rev=7b6564f#7b6564f4b938db4174c21fe7f97b521f6352b222"
dependencies = [
 "common-types",
 "elrond-wasm",
 "energy-query",
 "math",
 "unwrappable",
 "week-timekeeping",
]

[[package]]
name = "winapi"
version = "0.3.9"
source = "registry+https://github.com/rust-lang/crates.io-index"
checksum = "5c839a674fcd7a98952e593242ea400abe93992746761e38641405d28b00f419"
dependencies = [
 "winapi-i686-pc-windows-gnu",
 "winapi-x86_64-pc-windows-gnu",
]

[[package]]
name = "winapi-i686-pc-windows-gnu"
version = "0.4.0"
source = "registry+https://github.com/rust-lang/crates.io-index"
checksum = "ac3b87c63620426dd9b991e5ce0329eff545bccbbb34f3be09ff6fb6ab51b7b6"

[[package]]
name = "winapi-x86_64-pc-windows-gnu"
version = "0.4.0"
source = "registry+https://github.com/rust-lang/crates.io-index"
checksum = "712e227841d057c1ee1cd2fb22fa7e5a5461ae8e48fa2ca79ec42cfc1931183f"
